
Microsoft Visual Studio Solution File, Format Version 12.00
# Visual Studio 15
VisualStudioVersion = 15.0.28010.2026
MinimumVisualStudioVersion = 10.0.40219.1
Project("{FAE04EC0-301F-11D3-BF4B-00C04F79EFBC}") = "DecisionMaking Lab", "DecisionMaking Lab\DecisionMaking Lab.csproj", "{789C35ED-D3F4-4481-8B0C-561E82C80D1E}"
EndProject
Global
	GlobalSection(SolutionConfigurationPlatforms) = preSolution
		Debug|Any CPU = Debug|Any CPU
		Release|Any CPU = Release|Any CPU
	EndGlobalSection
	GlobalSection(ProjectConfigurationPlatforms) = postSolution
		{789C35ED-D3F4-4481-8B0C-561E82C80D1E}.Debug|Any CPU.ActiveCfg = Debug|Any CPU
		{789C35ED-D3F4-4481-8B0C-561E82C80D1E}.Debug|Any CPU.Build.0 = Debug|Any CPU
		{789C35ED-D3F4-4481-8B0C-561E82C80D1E}.Release|Any CPU.ActiveCfg = Release|Any CPU
		{789C35ED-D3F4-4481-8B0C-561E82C80D1E}.Release|Any CPU.Build.0 = Release|Any CPU
	EndGlobalSection
	GlobalSection(SolutionProperties) = preSolution
		HideSolutionNode = FALSE
	EndGlobalSection
	GlobalSection(ExtensibilityGlobals) = postSolution
		SolutionGuid = {08413AE2-9B54-4C0C-B82F-8EBD2723FF37}
	EndGlobalSection
EndGlobal
